// !$*UTF8*$!
{
	archiveVersion = 1;
	classes = {
	};
	objectVersion = 56;
	objects = {

/* Begin PBXBuildFile section */
		B33D47032C316EC300BD31A6 /* ChannelListView.swift in Sources */ = {isa = PBXBuildFile; fileRef = B33D47022C316EC300BD31A6 /* ChannelListView.swift */; };
		B33D47072C316FCC00BD31A6 /* ChannelListItem.swift in Sources */ = {isa = PBXBuildFile; fileRef = B33D47062C316FCC00BD31A6 /* ChannelListItem.swift */; };
		B33D470A2C317A8A00BD31A6 /* CallTabScreen.swift in Sources */ = {isa = PBXBuildFile; fileRef = B33D47092C317A8A00BD31A6 /* CallTabScreen.swift */; };
		B33D470C2C31804600BD31A6 /* CallLinkSectionView.swift in Sources */ = {isa = PBXBuildFile; fileRef = B33D470B2C31804600BD31A6 /* CallLinkSectionView.swift */; };
		B33D470E2C31805E00BD31A6 /* RecentItemView.swift in Sources */ = {isa = PBXBuildFile; fileRef = B33D470D2C31805E00BD31A6 /* RecentItemView.swift */; };
		B353ADFF2C301F0B001C8DD3 /* MainTabView.swift in Sources */ = {isa = PBXBuildFile; fileRef = B353ADFE2C301F0B001C8DD3 /* MainTabView.swift */; };
		B353AE012C30274F001C8DD3 /* UpdateTabScreen.swift in Sources */ = {isa = PBXBuildFile; fileRef = B353AE002C30274F001C8DD3 /* UpdateTabScreen.swift */; };
		B380DE032C2EEDB00091BB7C /* WhatsApp_CloneApp.swift in Sources */ = {isa = PBXBuildFile; fileRef = B380DE022C2EEDB00091BB7C /* WhatsApp_CloneApp.swift */; };
		B380DE072C2EEDB10091BB7C /* Assets.xcassets in Resources */ = {isa = PBXBuildFile; fileRef = B380DE062C2EEDB10091BB7C /* Assets.xcassets */; };
		B380DE0A2C2EEDB10091BB7C /* Preview Assets.xcassets in Resources */ = {isa = PBXBuildFile; fileRef = B380DE092C2EEDB10091BB7C /* Preview Assets.xcassets */; };
		B3AA26E62C32BA7400CA8F9D /* CommunitiesTabScreen.swift in Sources */ = {isa = PBXBuildFile; fileRef = B3AA26E52C32BA7400CA8F9D /* CommunitiesTabScreen.swift */; };
		B3AA26E92C32C2E100CA8F9D /* ChatTabScreen.swift in Sources */ = {isa = PBXBuildFile; fileRef = B3AA26E82C32C2E100CA8F9D /* ChatTabScreen.swift */; };
		B3AA26EB2C32C5E400CA8F9D /* RecentChatItem.swift in Sources */ = {isa = PBXBuildFile; fileRef = B3AA26EA2C32C5E400CA8F9D /* RecentChatItem.swift */; };
		B3C2DA8F2C3568DC0032560F /* MessageListController.swift in Sources */ = {isa = PBXBuildFile; fileRef = B3C2DA8E2C3568DC0032560F /* MessageListController.swift */; };
		B3ED607B2C3416B500B3B2CE /* SettingsTabScreen.swift in Sources */ = {isa = PBXBuildFile; fileRef = B3ED607A2C3416B500B3B2CE /* SettingsTabScreen.swift */; };
		B3ED607F2C3416E300B3B2CE /* SettingsItem.swift in Sources */ = {isa = PBXBuildFile; fileRef = B3ED607E2C3416E300B3B2CE /* SettingsItem.swift */; };
		B3ED60812C3418E000B3B2CE /* SettingsItemView.swift in Sources */ = {isa = PBXBuildFile; fileRef = B3ED60802C3418E000B3B2CE /* SettingsItemView.swift */; };
		B3ED60832C341AE500B3B2CE /* SettingsSectionHeader.swift in Sources */ = {isa = PBXBuildFile; fileRef = B3ED60822C341AE500B3B2CE /* SettingsSectionHeader.swift */; };
		B3ED60872C34208900B3B2CE /* ChatRoomView.swift in Sources */ = {isa = PBXBuildFile; fileRef = B3ED60862C34208900B3B2CE /* ChatRoomView.swift */; };
		B3ED60892C3427B000B3B2CE /* TextInputArea.swift in Sources */ = {isa = PBXBuildFile; fileRef = B3ED60882C3427B000B3B2CE /* TextInputArea.swift */; };
/* End PBXBuildFile section */

/* Begin PBXFileReference section */
		B33D47022C316EC300BD31A6 /* ChannelListView.swift */ = {isa = PBXFileReference; lastKnownFileType = sourcecode.swift; path = ChannelListView.swift; sourceTree = "<group>"; };
		B33D47062C316FCC00BD31A6 /* ChannelListItem.swift */ = {isa = PBXFileReference; lastKnownFileType = sourcecode.swift; path = ChannelListItem.swift; sourceTree = "<group>"; };
		B33D47092C317A8A00BD31A6 /* CallTabScreen.swift */ = {isa = PBXFileReference; lastKnownFileType = sourcecode.swift; path = CallTabScreen.swift; sourceTree = "<group>"; };
		B33D470B2C31804600BD31A6 /* CallLinkSectionView.swift */ = {isa = PBXFileReference; lastKnownFileType = sourcecode.swift; path = CallLinkSectionView.swift; sourceTree = "<group>"; };
		B33D470D2C31805E00BD31A6 /* RecentItemView.swift */ = {isa = PBXFileReference; lastKnownFileType = sourcecode.swift; path = RecentItemView.swift; sourceTree = "<group>"; };
		B353ADFE2C301F0B001C8DD3 /* MainTabView.swift */ = {isa = PBXFileReference; lastKnownFileType = sourcecode.swift; path = MainTabView.swift; sourceTree = "<group>"; };
		B353AE002C30274F001C8DD3 /* UpdateTabScreen.swift */ = {isa = PBXFileReference; lastKnownFileType = sourcecode.swift; path = UpdateTabScreen.swift; sourceTree = "<group>"; };
		B380DDFF2C2EEDB00091BB7C /* WhatsApp-Clone.app */ = {isa = PBXFileReference; explicitFileType = wrapper.application; includeInIndex = 0; path = "WhatsApp-Clone.app"; sourceTree = BUILT_PRODUCTS_DIR; };
		B380DE022C2EEDB00091BB7C /* WhatsApp_CloneApp.swift */ = {isa = PBXFileReference; lastKnownFileType = sourcecode.swift; path = WhatsApp_CloneApp.swift; sourceTree = "<group>"; };
		B380DE062C2EEDB10091BB7C /* Assets.xcassets */ = {isa = PBXFileReference; lastKnownFileType = folder.assetcatalog; path = Assets.xcassets; sourceTree = "<group>"; };
		B380DE092C2EEDB10091BB7C /* Preview Assets.xcassets */ = {isa = PBXFileReference; lastKnownFileType = folder.assetcatalog; path = "Preview Assets.xcassets"; sourceTree = "<group>"; };
		B3AA26E52C32BA7400CA8F9D /* CommunitiesTabScreen.swift */ = {isa = PBXFileReference; lastKnownFileType = sourcecode.swift; path = CommunitiesTabScreen.swift; sourceTree = "<group>"; };
		B3AA26E82C32C2E100CA8F9D /* ChatTabScreen.swift */ = {isa = PBXFileReference; lastKnownFileType = sourcecode.swift; path = ChatTabScreen.swift; sourceTree = "<group>"; };
		B3AA26EA2C32C5E400CA8F9D /* RecentChatItem.swift */ = {isa = PBXFileReference; lastKnownFileType = sourcecode.swift; path = RecentChatItem.swift; sourceTree = "<group>"; };
		B3C2DA8E2C3568DC0032560F /* MessageListController.swift */ = {isa = PBXFileReference; lastKnownFileType = sourcecode.swift; path = MessageListController.swift; sourceTree = "<group>"; };
		B3ED607A2C3416B500B3B2CE /* SettingsTabScreen.swift */ = {isa = PBXFileReference; lastKnownFileType = sourcecode.swift; path = SettingsTabScreen.swift; sourceTree = "<group>"; };
		B3ED607E2C3416E300B3B2CE /* SettingsItem.swift */ = {isa = PBXFileReference; lastKnownFileType = sourcecode.swift; path = SettingsItem.swift; sourceTree = "<group>"; };
		B3ED60802C3418E000B3B2CE /* SettingsItemView.swift */ = {isa = PBXFileReference; lastKnownFileType = sourcecode.swift; path = SettingsItemView.swift; sourceTree = "<group>"; };
		B3ED60822C341AE500B3B2CE /* SettingsSectionHeader.swift */ = {isa = PBXFileReference; lastKnownFileType = sourcecode.swift; path = SettingsSectionHeader.swift; sourceTree = "<group>"; };
		B3ED60862C34208900B3B2CE /* ChatRoomView.swift */ = {isa = PBXFileReference; lastKnownFileType = sourcecode.swift; path = ChatRoomView.swift; sourceTree = "<group>"; };
		B3ED60882C3427B000B3B2CE /* TextInputArea.swift */ = {isa = PBXFileReference; lastKnownFileType = sourcecode.swift; path = TextInputArea.swift; sourceTree = "<group>"; };
/* End PBXFileReference section */

/* Begin PBXFrameworksBuildPhase section */
		B380DDFC2C2EEDB00091BB7C /* Frameworks */ = {
			isa = PBXFrameworksBuildPhase;
			buildActionMask = 2147483647;
			files = (
			);
			runOnlyForDeploymentPostprocessing = 0;
		};
/* End PBXFrameworksBuildPhase section */

/* Begin PBXGroup section */
		B33D46FF2C316D5D00BD31A6 /* UpdateTab */ = {
			isa = PBXGroup;
			children = (
				B353AE002C30274F001C8DD3 /* UpdateTabScreen.swift */,
				B33D47022C316EC300BD31A6 /* ChannelListView.swift */,
				B33D47062C316FCC00BD31A6 /* ChannelListItem.swift */,
			);
			path = UpdateTab;
			sourceTree = "<group>";
		};
		B33D47082C317A2F00BD31A6 /* CallTab */ = {
			isa = PBXGroup;
			children = (
				B33D47092C317A8A00BD31A6 /* CallTabScreen.swift */,
				B33D470B2C31804600BD31A6 /* CallLinkSectionView.swift */,
				B33D470D2C31805E00BD31A6 /* RecentItemView.swift */,
			);
			path = CallTab;
			sourceTree = "<group>";
		};
		B380DDF62C2EEDB00091BB7C = {
			isa = PBXGroup;
			children = (
				B380DE012C2EEDB00091BB7C /* WhatsApp-Clone */,
				B380DE002C2EEDB00091BB7C /* Products */,
			);
			sourceTree = "<group>";
		};
		B380DE002C2EEDB00091BB7C /* Products */ = {
			isa = PBXGroup;
			children = (
				B380DDFF2C2EEDB00091BB7C /* WhatsApp-Clone.app */,
			);
			name = Products;
			sourceTree = "<group>";
		};
		B380DE012C2EEDB00091BB7C /* WhatsApp-Clone */ = {
			isa = PBXGroup;
			children = (
				B380DE022C2EEDB00091BB7C /* WhatsApp_CloneApp.swift */,
				B353ADFE2C301F0B001C8DD3 /* MainTabView.swift */,
				B3ED60842C34206200B3B2CE /* ChatRoom */,
				B3ED60792C34169C00B3B2CE /* SettingsTab */,
				B3AA26E72C32C2C700CA8F9D /* ChatTab */,
				B3AA26E42C32BA5A00CA8F9D /* CommunitiesTab */,
				B33D47082C317A2F00BD31A6 /* CallTab */,
				B33D46FF2C316D5D00BD31A6 /* UpdateTab */,
				B380DE062C2EEDB10091BB7C /* Assets.xcassets */,
				B380DE082C2EEDB10091BB7C /* Preview Content */,
			);
			path = "WhatsApp-Clone";
			sourceTree = "<group>";
		};
		B380DE082C2EEDB10091BB7C /* Preview Content */ = {
			isa = PBXGroup;
			children = (
				B380DE092C2EEDB10091BB7C /* Preview Assets.xcassets */,
			);
			path = "Preview Content";
			sourceTree = "<group>";
		};
		B3AA26E42C32BA5A00CA8F9D /* CommunitiesTab */ = {
			isa = PBXGroup;
			children = (
				B3AA26E52C32BA7400CA8F9D /* CommunitiesTabScreen.swift */,
			);
			path = CommunitiesTab;
			sourceTree = "<group>";
		};
		B3AA26E72C32C2C700CA8F9D /* ChatTab */ = {
			isa = PBXGroup;
			children = (
				B3AA26E82C32C2E100CA8F9D /* ChatTabScreen.swift */,
				B3AA26EA2C32C5E400CA8F9D /* RecentChatItem.swift */,
			);
			path = ChatTab;
			sourceTree = "<group>";
		};
		B3ED60792C34169C00B3B2CE /* SettingsTab */ = {
			isa = PBXGroup;
			children = (
				B3ED607C2C3416BC00B3B2CE /* Model */,
				B3ED607D2C3416C400B3B2CE /* View */,
			);
			path = SettingsTab;
			sourceTree = "<group>";
		};
		B3ED607C2C3416BC00B3B2CE /* Model */ = {
			isa = PBXGroup;
			children = (
				B3ED607E2C3416E300B3B2CE /* SettingsItem.swift */,
			);
			path = Model;
			sourceTree = "<group>";
		};
		B3ED607D2C3416C400B3B2CE /* View */ = {
			isa = PBXGroup;
			children = (
				B3ED607A2C3416B500B3B2CE /* SettingsTabScreen.swift */,
				B3ED60802C3418E000B3B2CE /* SettingsItemView.swift */,
				B3ED60822C341AE500B3B2CE /* SettingsSectionHeader.swift */,
			);
			path = View;
			sourceTree = "<group>";
		};
		B3ED60842C34206200B3B2CE /* ChatRoom */ = {
			isa = PBXGroup;
			children = (
				B3ED60852C34207800B3B2CE /* View */,
			);
			path = ChatRoom;
			sourceTree = "<group>";
		};
		B3ED60852C34207800B3B2CE /* View */ = {
			isa = PBXGroup;
			children = (
				B3ED60862C34208900B3B2CE /* ChatRoomView.swift */,
				B3ED60882C3427B000B3B2CE /* TextInputArea.swift */,
				B3C2DA8E2C3568DC0032560F /* MessageListController.swift */,
			);
			path = View;
			sourceTree = "<group>";
		};
/* End PBXGroup section */

/* Begin PBXNativeTarget section */
		B380DDFE2C2EEDB00091BB7C /* WhatsApp-Clone */ = {
			isa = PBXNativeTarget;
			buildConfigurationList = B380DE0D2C2EEDB10091BB7C /* Build configuration list for PBXNativeTarget "WhatsApp-Clone" */;
			buildPhases = (
				B380DDFB2C2EEDB00091BB7C /* Sources */,
				B380DDFC2C2EEDB00091BB7C /* Frameworks */,
				B380DDFD2C2EEDB00091BB7C /* Resources */,
			);
			buildRules = (
			);
			dependencies = (
			);
			name = "WhatsApp-Clone";
			productName = "WhatsApp-Clone";
			productReference = B380DDFF2C2EEDB00091BB7C /* WhatsApp-Clone.app */;
			productType = "com.apple.product-type.application";
		};
/* End PBXNativeTarget section */

/* Begin PBXProject section */
		B380DDF72C2EEDB00091BB7C /* Project object */ = {
			isa = PBXProject;
			attributes = {
				BuildIndependentTargetsInParallel = 1;
				LastSwiftUpdateCheck = 1540;
				LastUpgradeCheck = 1540;
				TargetAttributes = {
					B380DDFE2C2EEDB00091BB7C = {
						CreatedOnToolsVersion = 15.4;
					};
				};
			};
			buildConfigurationList = B380DDFA2C2EEDB00091BB7C /* Build configuration list for PBXProject "WhatsApp-Clone" */;
			compatibilityVersion = "Xcode 14.0";
			developmentRegion = en;
			hasScannedForEncodings = 0;
			knownRegions = (
				en,
				Base,
			);
			mainGroup = B380DDF62C2EEDB00091BB7C;
			productRefGroup = B380DE002C2EEDB00091BB7C /* Products */;
			projectDirPath = "";
			projectRoot = "";
			targets = (
				B380DDFE2C2EEDB00091BB7C /* WhatsApp-Clone */,
			);
		};
/* End PBXProject section */

/* Begin PBXResourcesBuildPhase section */
		B380DDFD2C2EEDB00091BB7C /* Resources */ = {
			isa = PBXResourcesBuildPhase;
			buildActionMask = 2147483647;
			files = (
				B380DE0A2C2EEDB10091BB7C /* Preview Assets.xcassets in Resources */,
				B380DE072C2EEDB10091BB7C /* Assets.xcassets in Resources */,
			);
			runOnlyForDeploymentPostprocessing = 0;
		};
/* End PBXResourcesBuildPhase section */

/* Begin PBXSourcesBuildPhase section */
		B380DDFB2C2EEDB00091BB7C /* Sources */ = {
			isa = PBXSourcesBuildPhase;
			buildActionMask = 2147483647;
			files = (
				B3ED60832C341AE500B3B2CE /* SettingsSectionHeader.swift in Sources */,
				B33D470C2C31804600BD31A6 /* CallLinkSectionView.swift in Sources */,
				B3AA26EB2C32C5E400CA8F9D /* RecentChatItem.swift in Sources */,
				B3ED60812C3418E000B3B2CE /* SettingsItemView.swift in Sources */,
				B3ED607F2C3416E300B3B2CE /* SettingsItem.swift in Sources */,
				B3ED60872C34208900B3B2CE /* ChatRoomView.swift in Sources */,
				B3ED607B2C3416B500B3B2CE /* SettingsTabScreen.swift in Sources */,
				B3C2DA8F2C3568DC0032560F /* MessageListController.swift in Sources */,
				B353AE012C30274F001C8DD3 /* UpdateTabScreen.swift in Sources */,
				B3AA26E62C32BA7400CA8F9D /* CommunitiesTabScreen.swift in Sources */,
				B33D470E2C31805E00BD31A6 /* RecentItemView.swift in Sources */,
				B33D470A2C317A8A00BD31A6 /* CallTabScreen.swift in Sources */,
				B33D47032C316EC300BD31A6 /* ChannelListView.swift in Sources */,
				B380DE032C2EEDB00091BB7C /* WhatsApp_CloneApp.swift in Sources */,
				B3AA26E92C32C2E100CA8F9D /* ChatTabScreen.swift in Sources */,
				B33D47072C316FCC00BD31A6 /* ChannelListItem.swift in Sources */,
				B353ADFF2C301F0B001C8DD3 /* MainTabView.swift in Sources */,
				B3ED60892C3427B000B3B2CE /* TextInputArea.swift in Sources */,
			);
			runOnlyForDeploymentPostprocessing = 0;
		};
/* End PBXSourcesBuildPhase section */

/* Begin XCBuildConfiguration section */
		B380DE0B2C2EEDB10091BB7C /* Debug */ = {
			isa = XCBuildConfiguration;
			buildSettings = {
				ALWAYS_SEARCH_USER_PATHS = NO;
				ASSETCATALOG_COMPILER_GENERATE_SWIFT_ASSET_SYMBOL_EXTENSIONS = YES;
				CLANG_ANALYZER_NONNULL = YES;
				CLANG_ANALYZER_NUMBER_OBJECT_CONVERSION = YES_AGGRESSIVE;
				CLANG_CXX_LANGUAGE_STANDARD = "gnu++20";
				CLANG_ENABLE_MODULES = YES;
				CLANG_ENABLE_OBJC_ARC = YES;
				CLANG_ENABLE_OBJC_WEAK = YES;
				CLANG_WARN_BLOCK_CAPTURE_AUTORELEASING = YES;
				CLANG_WARN_BOOL_CONVERSION = YES;
				CLANG_WARN_COMMA = YES;
				CLANG_WARN_CONSTANT_CONVERSION = YES;
				CLANG_WARN_DEPRECATED_OBJC_IMPLEMENTATIONS = YES;
				CLANG_WARN_DIRECT_OBJC_ISA_USAGE = YES_ERROR;
				CLANG_WARN_DOCUMENTATION_COMMENTS = YES;
				CLANG_WARN_EMPTY_BODY = YES;
				CLANG_WARN_ENUM_CONVERSION = YES;
				CLANG_WARN_INFINITE_RECURSION = YES;
				CLANG_WARN_INT_CONVERSION = YES;
				CLANG_WARN_NON_LITERAL_NULL_CONVERSION = YES;
				CLANG_WARN_OBJC_IMPLICIT_RETAIN_SELF = YES;
				CLANG_WARN_OBJC_LITERAL_CONVERSION = YES;
				CLANG_WARN_OBJC_ROOT_CLASS = YES_ERROR;
				CLANG_WARN_QUOTED_INCLUDE_IN_FRAMEWORK_HEADER = YES;
				CLANG_WARN_RANGE_LOOP_ANALYSIS = YES;
				CLANG_WARN_STRICT_PROTOTYPES = YES;
				CLANG_WARN_SUSPICIOUS_MOVE = YES;
				CLANG_WARN_UNGUARDED_AVAILABILITY = YES_AGGRESSIVE;
				CLANG_WARN_UNREACHABLE_CODE = YES;
				CLANG_WARN__DUPLICATE_METHOD_MATCH = YES;
				COPY_PHASE_STRIP = NO;
				DEBUG_INFORMATION_FORMAT = dwarf;
				ENABLE_STRICT_OBJC_MSGSEND = YES;
				ENABLE_TESTABILITY = YES;
				ENABLE_USER_SCRIPT_SANDBOXING = YES;
				GCC_C_LANGUAGE_STANDARD = gnu17;
				GCC_DYNAMIC_NO_PIC = NO;
				GCC_NO_COMMON_BLOCKS = YES;
				GCC_OPTIMIZATION_LEVEL = 0;
				GCC_PREPROCESSOR_DEFINITIONS = (
					"DEBUG=1",
					"$(inherited)",
				);
				GCC_WARN_64_TO_32_BIT_CONVERSION = YES;
				GCC_WARN_ABOUT_RETURN_TYPE = YES_ERROR;
				GCC_WARN_UNDECLARED_SELECTOR = YES;
				GCC_WARN_UNINITIALIZED_AUTOS = YES_AGGRESSIVE;
				GCC_WARN_UNUSED_FUNCTION = YES;
				GCC_WARN_UNUSED_VARIABLE = YES;
				IPHONEOS_DEPLOYMENT_TARGET = 17.5;
				LOCALIZATION_PREFERS_STRING_CATALOGS = YES;
				MTL_ENABLE_DEBUG_INFO = INCLUDE_SOURCE;
				MTL_FAST_MATH = YES;
				ONLY_ACTIVE_ARCH = YES;
				SDKROOT = iphoneos;
				SWIFT_ACTIVE_COMPILATION_CONDITIONS = "DEBUG $(inherited)";
				SWIFT_OPTIMIZATION_LEVEL = "-Onone";
			};
			name = Debug;
		};
		B380DE0C2C2EEDB10091BB7C /* Release */ = {
			isa = XCBuildConfiguration;
			buildSettings = {
				ALWAYS_SEARCH_USER_PATHS = NO;
				ASSETCATALOG_COMPILER_GENERATE_SWIFT_ASSET_SYMBOL_EXTENSIONS = YES;
				CLANG_ANALYZER_NONNULL = YES;
				CLANG_ANALYZER_NUMBER_OBJECT_CONVERSION = YES_AGGRESSIVE;
				CLANG_CXX_LANGUAGE_STANDARD = "gnu++20";
				CLANG_ENABLE_MODULES = YES;
				CLANG_ENABLE_OBJC_ARC = YES;
				CLANG_ENABLE_OBJC_WEAK = YES;
				CLANG_WARN_BLOCK_CAPTURE_AUTORELEASING = YES;
				CLANG_WARN_BOOL_CONVERSION = YES;
				CLANG_WARN_COMMA = YES;
				CLANG_WARN_CONSTANT_CONVERSION = YES;
				CLANG_WARN_DEPRECATED_OBJC_IMPLEMENTATIONS = YES;
				CLANG_WARN_DIRECT_OBJC_ISA_USAGE = YES_ERROR;
				CLANG_WARN_DOCUMENTATION_COMMENTS = YES;
				CLANG_WARN_EMPTY_BODY = YES;
				CLANG_WARN_ENUM_CONVERSION = YES;
				CLANG_WARN_INFINITE_RECURSION = YES;
				CLANG_WARN_INT_CONVERSION = YES;
				CLANG_WARN_NON_LITERAL_NULL_CONVERSION = YES;
				CLANG_WARN_OBJC_IMPLICIT_RETAIN_SELF = YES;
				CLANG_WARN_OBJC_LITERAL_CONVERSION = YES;
				CLANG_WARN_OBJC_ROOT_CLASS = YES_ERROR;
				CLANG_WARN_QUOTED_INCLUDE_IN_FRAMEWORK_HEADER = YES;
				CLANG_WARN_RANGE_LOOP_ANALYSIS = YES;
				CLANG_WARN_STRICT_PROTOTYPES = YES;
				CLANG_WARN_SUSPICIOUS_MOVE = YES;
				CLANG_WARN_UNGUARDED_AVAILABILITY = YES_AGGRESSIVE;
				CLANG_WARN_UNREACHABLE_CODE = YES;
				CLANG_WARN__DUPLICATE_METHOD_MATCH = YES;
				COPY_PHASE_STRIP = NO;
				DEBUG_INFORMATION_FORMAT = "dwarf-with-dsym";
				ENABLE_NS_ASSERTIONS = NO;
				ENABLE_STRICT_OBJC_MSGSEND = YES;
				ENABLE_USER_SCRIPT_SANDBOXING = YES;
				GCC_C_LANGUAGE_STANDARD = gnu17;
				GCC_NO_COMMON_BLOCKS = YES;
				GCC_WARN_64_TO_32_BIT_CONVERSION = YES;
				GCC_WARN_ABOUT_RETURN_TYPE = YES_ERROR;
				GCC_WARN_UNDECLARED_SELECTOR = YES;
				GCC_WARN_UNINITIALIZED_AUTOS = YES_AGGRESSIVE;
				GCC_WARN_UNUSED_FUNCTION = YES;
				GCC_WARN_UNUSED_VARIABLE = YES;
				IPHONEOS_DEPLOYMENT_TARGET = 17.5;
				LOCALIZATION_PREFERS_STRING_CATALOGS = YES;
				MTL_ENABLE_DEBUG_INFO = NO;
				MTL_FAST_MATH = YES;
				SDKROOT = iphoneos;
				SWIFT_COMPILATION_MODE = wholemodule;
				VALIDATE_PRODUCT = YES;
			};
			name = Release;
		};
		B380DE0E2C2EEDB10091BB7C /* Debug */ = {
			isa = XCBuildConfiguration;
			buildSettings = {
				ASSETCATALOG_COMPILER_APPICON_NAME = AppIcon;
				ASSETCATALOG_COMPILER_GLOBAL_ACCENT_COLOR_NAME = AccentColor;
				CODE_SIGN_STYLE = Automatic;
				CURRENT_PROJECT_VERSION = 1;
				DEVELOPMENT_ASSET_PATHS = "\"WhatsApp-Clone/Preview Content\"";
				DEVELOPMENT_TEAM = 9M2847JBF8;
				ENABLE_PREVIEWS = YES;
				GENERATE_INFOPLIST_FILE = YES;
				INFOPLIST_KEY_UIApplicationSceneManifest_Generation = YES;
				INFOPLIST_KEY_UIApplicationSupportsIndirectInputEvents = YES;
				INFOPLIST_KEY_UILaunchScreen_Generation = YES;
				INFOPLIST_KEY_UISupportedInterfaceOrientations_iPad = "UIInterfaceOrientationPortrait UIInterfaceOrientationPortraitUpsideDown UIInterfaceOrientationLandscapeLeft UIInterfaceOrientationLandscapeRight";
				INFOPLIST_KEY_UISupportedInterfaceOrientations_iPhone = "UIInterfaceOrientationPortrait UIInterfaceOrientationLandscapeLeft UIInterfaceOrientationLandscapeRight";
				LD_RUNPATH_SEARCH_PATHS = (
					"$(inherited)",
					"@executable_path/Frameworks",
				);
				MARKETING_VERSION = 1.0;
				PRODUCT_BUNDLE_IDENTIFIER = "shopnil-hasan.WhatsApp-Clone";
				PRODUCT_NAME = "$(TARGET_NAME)";
				SWIFT_EMIT_LOC_STRINGS = YES;
				SWIFT_VERSION = 5.0;
				TARGETED_DEVICE_FAMILY = "1,2";
			};
			name = Debug;
		};
		B380DE0F2C2EEDB10091BB7C /* Release */ = {
			isa = XCBuildConfiguration;
			buildSettings = {
				ASSETCATALOG_COMPILER_APPICON_NAME = AppIcon;
				ASSETCATALOG_COMPILER_GLOBAL_ACCENT_COLOR_NAME = AccentColor;
				CODE_SIGN_STYLE = Automatic;
				CURRENT_PROJECT_VERSION = 1;
				DEVELOPMENT_ASSET_PATHS = "\"WhatsApp-Clone/Preview Content\"";
				DEVELOPMENT_TEAM = 9M2847JBF8;
				ENABLE_PREVIEWS = YES;
				GENERATE_INFOPLIST_FILE = YES;
				INFOPLIST_KEY_UIApplicationSceneManifest_Generation = YES;
				INFOPLIST_KEY_UIApplicationSupportsIndirectInputEvents = YES;
				INFOPLIST_KEY_UILaunchScreen_Generation = YES;
				INFOPLIST_KEY_UISupportedInterfaceOrientations_iPad = "UIInterfaceOrientationPortrait UIInterfaceOrientationPortraitUpsideDown UIInterfaceOrientationLandscapeLeft UIInterfaceOrientationLandscapeRight";
				INFOPLIST_KEY_UISupportedInterfaceOrientations_iPhone = "UIInterfaceOrientationPortrait UIInterfaceOrientationLandscapeLeft UIInterfaceOrientationLandscapeRight";
				LD_RUNPATH_SEARCH_PATHS = (
					"$(inherited)",
					"@executable_path/Frameworks",
				);
				MARKETING_VERSION = 1.0;
				PRODUCT_BUNDLE_IDENTIFIER = "shopnil-hasan.WhatsApp-Clone";
				PRODUCT_NAME = "$(TARGET_NAME)";
				SWIFT_EMIT_LOC_STRINGS = YES;
				SWIFT_VERSION = 5.0;
				TARGETED_DEVICE_FAMILY = "1,2";
			};
			name = Release;
		};
/* End XCBuildConfiguration section */

/* Begin XCConfigurationList section */
		B380DDFA2C2EEDB00091BB7C /* Build configuration list for PBXProject "WhatsApp-Clone" */ = {
			isa = XCConfigurationList;
			buildConfigurations = (
				B380DE0B2C2EEDB10091BB7C /* Debug */,
				B380DE0C2C2EEDB10091BB7C /* Release */,
			);
			defaultConfigurationIsVisible = 0;
			defaultConfigurationName = Release;
		};
		B380DE0D2C2EEDB10091BB7C /* Build configuration list for PBXNativeTarget "WhatsApp-Clone" */ = {
			isa = XCConfigurationList;
			buildConfigurations = (
				B380DE0E2C2EEDB10091BB7C /* Debug */,
				B380DE0F2C2EEDB10091BB7C /* Release */,
			);
			defaultConfigurationIsVisible = 0;
			defaultConfigurationName = Release;
		};
/* End XCConfigurationList section */
	};
	rootObject = B380DDF72C2EEDB00091BB7C /* Project object */;
}
