// !$*UTF8*$!
{
	archiveVersion = 1;
	classes = {
	};
	objectVersion = 56;
	objects = {

/* Begin PBXBuildFile section */
		B30059C12C3BFBD700FC584D /* RegisterView.swift in Sources */ = {isa = PBXBuildFile; fileRef = B30059C02C3BFBD700FC584D /* RegisterView.swift */; };
		B30059C52C3C007200FC584D /* AuthScreenModel.swift in Sources */ = {isa = PBXBuildFile; fileRef = B30059C42C3C007200FC584D /* AuthScreenModel.swift */; };
		B32BF3562C5279960037D6E4 /* StringExtension.swift in Sources */ = {isa = PBXBuildFile; fileRef = B32BF3552C5279960037D6E4 /* StringExtension.swift */; };
		B32BFB982C3964E7007B725D /* PlayButton.swift in Sources */ = {isa = PBXBuildFile; fileRef = B32BFB972C3964E7007B725D /* PlayButton.swift */; };
		B32BFB9B2C396633007B725D /* BubbleAudioView.swift in Sources */ = {isa = PBXBuildFile; fileRef = B32BFB9A2C396633007B725D /* BubbleAudioView.swift */; };
		B33D47032C316EC300BD31A6 /* ChannelListView.swift in Sources */ = {isa = PBXBuildFile; fileRef = B33D47022C316EC300BD31A6 /* ChannelListView.swift */; };
		B33D47072C316FCC00BD31A6 /* ChannelListItem.swift in Sources */ = {isa = PBXBuildFile; fileRef = B33D47062C316FCC00BD31A6 /* ChannelListItem.swift */; };
		B33D470A2C317A8A00BD31A6 /* CallTabScreen.swift in Sources */ = {isa = PBXBuildFile; fileRef = B33D47092C317A8A00BD31A6 /* CallTabScreen.swift */; };
		B33D470C2C31804600BD31A6 /* CallLinkSectionView.swift in Sources */ = {isa = PBXBuildFile; fileRef = B33D470B2C31804600BD31A6 /* CallLinkSectionView.swift */; };
		B33D470E2C31805E00BD31A6 /* RecentItemView.swift in Sources */ = {isa = PBXBuildFile; fileRef = B33D470D2C31805E00BD31A6 /* RecentItemView.swift */; };
		B345D58F2C3A9DE000346152 /* FirebaseAuth in Frameworks */ = {isa = PBXBuildFile; productRef = B345D58E2C3A9DE000346152 /* FirebaseAuth */; };
		B345D5912C3A9DE000346152 /* FirebaseDatabase in Frameworks */ = {isa = PBXBuildFile; productRef = B345D5902C3A9DE000346152 /* FirebaseDatabase */; };
		B345D5932C3A9DE000346152 /* FirebaseDatabaseSwift in Frameworks */ = {isa = PBXBuildFile; productRef = B345D5922C3A9DE000346152 /* FirebaseDatabaseSwift */; };
		B345D5952C3A9DE000346152 /* FirebaseMessaging in Frameworks */ = {isa = PBXBuildFile; productRef = B345D5942C3A9DE000346152 /* FirebaseMessaging */; };
		B345D5972C3A9DE000346152 /* FirebaseStorage in Frameworks */ = {isa = PBXBuildFile; productRef = B345D5962C3A9DE000346152 /* FirebaseStorage */; };
		B345D5992C3AA37700346152 /* GoogleService-Info.plist in Resources */ = {isa = PBXBuildFile; fileRef = B345D5982C3AA37700346152 /* GoogleService-Info.plist */; };
		B345D59C2C3AAB0700346152 /* LoginView.swift in Sources */ = {isa = PBXBuildFile; fileRef = B345D59B2C3AAB0700346152 /* LoginView.swift */; };
		B345D59E2C3AAB1100346152 /* AuthHeaderView.swift in Sources */ = {isa = PBXBuildFile; fileRef = B345D59D2C3AAB1100346152 /* AuthHeaderView.swift */; };
		B345D5A02C3AAB2100346152 /* TextFieldView.swift in Sources */ = {isa = PBXBuildFile; fileRef = B345D59F2C3AAB2100346152 /* TextFieldView.swift */; };
		B345D5A22C3AC82D00346152 /* AuthButton.swift in Sources */ = {isa = PBXBuildFile; fileRef = B345D5A12C3AC82D00346152 /* AuthButton.swift */; };
		B353ADFF2C301F0B001C8DD3 /* MainTabView.swift in Sources */ = {isa = PBXBuildFile; fileRef = B353ADFE2C301F0B001C8DD3 /* MainTabView.swift */; };
		B353AE012C30274F001C8DD3 /* UpdateTabScreen.swift in Sources */ = {isa = PBXBuildFile; fileRef = B353AE002C30274F001C8DD3 /* UpdateTabScreen.swift */; };
		B35606712C380D1F008FD937 /* TimeStampView.swift in Sources */ = {isa = PBXBuildFile; fileRef = B35606702C380D1F008FD937 /* TimeStampView.swift */; };
		B374AC902C54FB3D00D9C79B /* MessageItem+Types.swift in Sources */ = {isa = PBXBuildFile; fileRef = B374AC8F2C54FB3D00D9C79B /* MessageItem+Types.swift */; };
		B380DE032C2EEDB00091BB7C /* WhatsApp_CloneApp.swift in Sources */ = {isa = PBXBuildFile; fileRef = B380DE022C2EEDB00091BB7C /* WhatsApp_CloneApp.swift */; };
		B380DE072C2EEDB10091BB7C /* Assets.xcassets in Resources */ = {isa = PBXBuildFile; fileRef = B380DE062C2EEDB10091BB7C /* Assets.xcassets */; };
		B380DE0A2C2EEDB10091BB7C /* Preview Assets.xcassets in Resources */ = {isa = PBXBuildFile; fileRef = B380DE092C2EEDB10091BB7C /* Preview Assets.xcassets */; };
		B382B0F82C5D070000CC0D50 /* Constants.swift in Sources */ = {isa = PBXBuildFile; fileRef = B382B0F72C5D070000CC0D50 /* Constants.swift */; };
		B38D80E02C43F1AF00A0CF82 /* ChatPartnerPickerOption.swift in Sources */ = {isa = PBXBuildFile; fileRef = B38D80DF2C43F1AF00A0CF82 /* ChatPartnerPickerOption.swift */; };
		B38D81022C4415BE00A0CF82 /* SetUpGroupView.swift in Sources */ = {isa = PBXBuildFile; fileRef = B38D81012C4415BE00A0CF82 /* SetUpGroupView.swift */; };
		B397DB692C5A56C100BA7770 /* ChatRoomViewModel.swift in Sources */ = {isa = PBXBuildFile; fileRef = B397DB682C5A56C100BA7770 /* ChatRoomViewModel.swift */; };
		B397DB6B2C5A6B5300BA7770 /* MessageService.swift in Sources */ = {isa = PBXBuildFile; fileRef = B397DB6A2C5A6B5300BA7770 /* MessageService.swift */; };
		B3A47B432C36BB3500CF9939 /* BubbleTailView.swift in Sources */ = {isa = PBXBuildFile; fileRef = B3A47B422C36BB3500CF9939 /* BubbleTailView.swift */; };
		B3A47B452C36BCC800CF9939 /* BubbleTextView.swift in Sources */ = {isa = PBXBuildFile; fileRef = B3A47B442C36BCC800CF9939 /* BubbleTextView.swift */; };
		B3A47B482C36C04800CF9939 /* BubbleTailModifier.swift in Sources */ = {isa = PBXBuildFile; fileRef = B3A47B472C36C04800CF9939 /* BubbleTailModifier.swift */; };
		B3A47B4A2C36D3EC00CF9939 /* BubblePhotoView.swift in Sources */ = {isa = PBXBuildFile; fileRef = B3A47B492C36D3EC00CF9939 /* BubblePhotoView.swift */; };
		B3AA26E62C32BA7400CA8F9D /* CommunitiesTabScreen.swift in Sources */ = {isa = PBXBuildFile; fileRef = B3AA26E52C32BA7400CA8F9D /* CommunitiesTabScreen.swift */; };
		B3AA26E92C32C2E100CA8F9D /* ChatTabScreen.swift in Sources */ = {isa = PBXBuildFile; fileRef = B3AA26E82C32C2E100CA8F9D /* ChatTabScreen.swift */; };
		B3AA26EB2C32C5E400CA8F9D /* RecentChatItem.swift in Sources */ = {isa = PBXBuildFile; fileRef = B3AA26EA2C32C5E400CA8F9D /* RecentChatItem.swift */; };
		B3B512962C3D7BB700B7E81A /* AuthProvidor.swift in Sources */ = {isa = PBXBuildFile; fileRef = B3B512952C3D7BB700B7E81A /* AuthProvidor.swift */; };
		B3B628DF2C42F7E600D226E8 /* SelectedPartnerView.swift in Sources */ = {isa = PBXBuildFile; fileRef = B3B628DE2C42F7E600D226E8 /* SelectedPartnerView.swift */; };
		B3BCCAE62C417C9400B19191 /* ChatPartnerPickerViewModel.swift in Sources */ = {isa = PBXBuildFile; fileRef = B3BCCAE52C417C9400B19191 /* ChatPartnerPickerViewModel.swift */; };
		B3BCCAE82C41837B00B19191 /* GroupPartnerPickerScreen.swift in Sources */ = {isa = PBXBuildFile; fileRef = B3BCCAE72C41837B00B19191 /* GroupPartnerPickerScreen.swift */; };
		B3C2C3F92C46E449004E7E9E /* ChannelItem.swift in Sources */ = {isa = PBXBuildFile; fileRef = B3C2C3F82C46E449004E7E9E /* ChannelItem.swift */; };
		B3C2C3FB2C46EFEF004E7E9E /* ChannelTabViewModel.swift in Sources */ = {isa = PBXBuildFile; fileRef = B3C2C3FA2C46EFEF004E7E9E /* ChannelTabViewModel.swift */; };
		B3C2DA8F2C3568DC0032560F /* MessageListController.swift in Sources */ = {isa = PBXBuildFile; fileRef = B3C2DA8E2C3568DC0032560F /* MessageListController.swift */; };
		B3C2DA912C356EB70032560F /* MessageListView.swift in Sources */ = {isa = PBXBuildFile; fileRef = B3C2DA902C356EB70032560F /* MessageListView.swift */; };
		B3C2DA942C3571360032560F /* MessageItem.swift in Sources */ = {isa = PBXBuildFile; fileRef = B3C2DA932C3571360032560F /* MessageItem.swift */; };
		B3C5E4D92C4031FB00C16537 /* RootView.swift in Sources */ = {isa = PBXBuildFile; fileRef = B3C5E4D82C4031FB00C16537 /* RootView.swift */; };
		B3C5E4DB2C40320200C16537 /* RootModel.swift in Sources */ = {isa = PBXBuildFile; fileRef = B3C5E4DA2C40320200C16537 /* RootModel.swift */; };
		B3D467962C41559200FE4263 /* IconWithTransparentBG.swift in Sources */ = {isa = PBXBuildFile; fileRef = B3D467952C41559200FE4263 /* IconWithTransparentBG.swift */; };
		B3D467982C41567200FE4263 /* ChatPartnerPickerScreen.swift in Sources */ = {isa = PBXBuildFile; fileRef = B3D467972C41567200FE4263 /* ChatPartnerPickerScreen.swift */; };
		B3D4679A2C4159DA00FE4263 /* ChatPartnerRowView.swift in Sources */ = {isa = PBXBuildFile; fileRef = B3D467992C4159DA00FE4263 /* ChatPartnerRowView.swift */; };
		B3D6E2002C40FAB70086A14C /* UserItem.swift in Sources */ = {isa = PBXBuildFile; fileRef = B3D6E1FF2C40FAB70086A14C /* UserItem.swift */; };
		B3D6E2042C40FB3F0086A14C /* FirebaseConstants.swift in Sources */ = {isa = PBXBuildFile; fileRef = B3D6E2032C40FB3F0086A14C /* FirebaseConstants.swift */; };
		B3D9A7E82C4596DA00AA5FC9 /* UserService.swift in Sources */ = {isa = PBXBuildFile; fileRef = B3D9A7E72C4596DA00AA5FC9 /* UserService.swift */; };
		B3ED607B2C3416B500B3B2CE /* SettingsTabScreen.swift in Sources */ = {isa = PBXBuildFile; fileRef = B3ED607A2C3416B500B3B2CE /* SettingsTabScreen.swift */; };
		B3ED607F2C3416E300B3B2CE /* SettingsItem.swift in Sources */ = {isa = PBXBuildFile; fileRef = B3ED607E2C3416E300B3B2CE /* SettingsItem.swift */; };
		B3ED60812C3418E000B3B2CE /* SettingsItemView.swift in Sources */ = {isa = PBXBuildFile; fileRef = B3ED60802C3418E000B3B2CE /* SettingsItemView.swift */; };
		B3ED60832C341AE500B3B2CE /* SettingsSectionHeader.swift in Sources */ = {isa = PBXBuildFile; fileRef = B3ED60822C341AE500B3B2CE /* SettingsSectionHeader.swift */; };
		B3ED60872C34208900B3B2CE /* ChatRoomView.swift in Sources */ = {isa = PBXBuildFile; fileRef = B3ED60862C34208900B3B2CE /* ChatRoomView.swift */; };
		B3ED60892C3427B000B3B2CE /* TextInputArea.swift in Sources */ = {isa = PBXBuildFile; fileRef = B3ED60882C3427B000B3B2CE /* TextInputArea.swift */; };
/* End PBXBuildFile section */

/* Begin PBXFileReference section */
		B30059C02C3BFBD700FC584D /* RegisterView.swift */ = {isa = PBXFileReference; lastKnownFileType = sourcecode.swift; path = RegisterView.swift; sourceTree = "<group>"; };
		B30059C42C3C007200FC584D /* AuthScreenModel.swift */ = {isa = PBXFileReference; lastKnownFileType = sourcecode.swift; path = AuthScreenModel.swift; sourceTree = "<group>"; };
		B32BF3552C5279960037D6E4 /* StringExtension.swift */ = {isa = PBXFileReference; lastKnownFileType = sourcecode.swift; path = StringExtension.swift; sourceTree = "<group>"; };
		B32BFB972C3964E7007B725D /* PlayButton.swift */ = {isa = PBXFileReference; lastKnownFileType = sourcecode.swift; path = PlayButton.swift; sourceTree = "<group>"; };
		B32BFB9A2C396633007B725D /* BubbleAudioView.swift */ = {isa = PBXFileReference; lastKnownFileType = sourcecode.swift; path = BubbleAudioView.swift; sourceTree = "<group>"; };
		B33D47022C316EC300BD31A6 /* ChannelListView.swift */ = {isa = PBXFileReference; lastKnownFileType = sourcecode.swift; path = ChannelListView.swift; sourceTree = "<group>"; };
		B33D47062C316FCC00BD31A6 /* ChannelListItem.swift */ = {isa = PBXFileReference; lastKnownFileType = sourcecode.swift; path = ChannelListItem.swift; sourceTree = "<group>"; };
		B33D47092C317A8A00BD31A6 /* CallTabScreen.swift */ = {isa = PBXFileReference; lastKnownFileType = sourcecode.swift; path = CallTabScreen.swift; sourceTree = "<group>"; };
		B33D470B2C31804600BD31A6 /* CallLinkSectionView.swift */ = {isa = PBXFileReference; lastKnownFileType = sourcecode.swift; path = CallLinkSectionView.swift; sourceTree = "<group>"; };
		B33D470D2C31805E00BD31A6 /* RecentItemView.swift */ = {isa = PBXFileReference; lastKnownFileType = sourcecode.swift; path = RecentItemView.swift; sourceTree = "<group>"; };
		B345D5982C3AA37700346152 /* GoogleService-Info.plist */ = {isa = PBXFileReference; fileEncoding = 4; lastKnownFileType = text.plist.xml; path = "GoogleService-Info.plist"; sourceTree = "<group>"; };
		B345D59B2C3AAB0700346152 /* LoginView.swift */ = {isa = PBXFileReference; lastKnownFileType = sourcecode.swift; path = LoginView.swift; sourceTree = "<group>"; };
		B345D59D2C3AAB1100346152 /* AuthHeaderView.swift */ = {isa = PBXFileReference; lastKnownFileType = sourcecode.swift; path = AuthHeaderView.swift; sourceTree = "<group>"; };
		B345D59F2C3AAB2100346152 /* TextFieldView.swift */ = {isa = PBXFileReference; lastKnownFileType = sourcecode.swift; path = TextFieldView.swift; sourceTree = "<group>"; };
		B345D5A12C3AC82D00346152 /* AuthButton.swift */ = {isa = PBXFileReference; lastKnownFileType = sourcecode.swift; path = AuthButton.swift; sourceTree = "<group>"; };
		B353ADFE2C301F0B001C8DD3 /* MainTabView.swift */ = {isa = PBXFileReference; lastKnownFileType = sourcecode.swift; path = MainTabView.swift; sourceTree = "<group>"; };
		B353AE002C30274F001C8DD3 /* UpdateTabScreen.swift */ = {isa = PBXFileReference; lastKnownFileType = sourcecode.swift; path = UpdateTabScreen.swift; sourceTree = "<group>"; };
		B35606702C380D1F008FD937 /* TimeStampView.swift */ = {isa = PBXFileReference; lastKnownFileType = sourcecode.swift; path = TimeStampView.swift; sourceTree = "<group>"; };
		B374AC8F2C54FB3D00D9C79B /* MessageItem+Types.swift */ = {isa = PBXFileReference; lastKnownFileType = sourcecode.swift; path = "MessageItem+Types.swift"; sourceTree = "<group>"; };
		B380DDFF2C2EEDB00091BB7C /* WhatsApp-Clone.app */ = {isa = PBXFileReference; explicitFileType = wrapper.application; includeInIndex = 0; path = "WhatsApp-Clone.app"; sourceTree = BUILT_PRODUCTS_DIR; };
		B380DE022C2EEDB00091BB7C /* WhatsApp_CloneApp.swift */ = {isa = PBXFileReference; lastKnownFileType = sourcecode.swift; path = WhatsApp_CloneApp.swift; sourceTree = "<group>"; };
		B380DE062C2EEDB10091BB7C /* Assets.xcassets */ = {isa = PBXFileReference; lastKnownFileType = folder.assetcatalog; path = Assets.xcassets; sourceTree = "<group>"; };
		B380DE092C2EEDB10091BB7C /* Preview Assets.xcassets */ = {isa = PBXFileReference; lastKnownFileType = folder.assetcatalog; path = "Preview Assets.xcassets"; sourceTree = "<group>"; };
		B382B0F72C5D070000CC0D50 /* Constants.swift */ = {isa = PBXFileReference; lastKnownFileType = sourcecode.swift; path = Constants.swift; sourceTree = "<group>"; };
		B38D80DF2C43F1AF00A0CF82 /* ChatPartnerPickerOption.swift */ = {isa = PBXFileReference; lastKnownFileType = sourcecode.swift; path = ChatPartnerPickerOption.swift; sourceTree = "<group>"; };
		B38D81012C4415BE00A0CF82 /* SetUpGroupView.swift */ = {isa = PBXFileReference; lastKnownFileType = sourcecode.swift; path = SetUpGroupView.swift; sourceTree = "<group>"; };
		B397DB682C5A56C100BA7770 /* ChatRoomViewModel.swift */ = {isa = PBXFileReference; lastKnownFileType = sourcecode.swift; path = ChatRoomViewModel.swift; sourceTree = "<group>"; };
		B397DB6A2C5A6B5300BA7770 /* MessageService.swift */ = {isa = PBXFileReference; lastKnownFileType = sourcecode.swift; path = MessageService.swift; sourceTree = "<group>"; };
		B3A47B422C36BB3500CF9939 /* BubbleTailView.swift */ = {isa = PBXFileReference; lastKnownFileType = sourcecode.swift; path = BubbleTailView.swift; sourceTree = "<group>"; };
		B3A47B442C36BCC800CF9939 /* BubbleTextView.swift */ = {isa = PBXFileReference; lastKnownFileType = sourcecode.swift; path = BubbleTextView.swift; sourceTree = "<group>"; };
		B3A47B472C36C04800CF9939 /* BubbleTailModifier.swift */ = {isa = PBXFileReference; lastKnownFileType = sourcecode.swift; path = BubbleTailModifier.swift; sourceTree = "<group>"; };
		B3A47B492C36D3EC00CF9939 /* BubblePhotoView.swift */ = {isa = PBXFileReference; lastKnownFileType = sourcecode.swift; path = BubblePhotoView.swift; sourceTree = "<group>"; };
		B3AA26E52C32BA7400CA8F9D /* CommunitiesTabScreen.swift */ = {isa = PBXFileReference; lastKnownFileType = sourcecode.swift; path = CommunitiesTabScreen.swift; sourceTree = "<group>"; };
		B3AA26E82C32C2E100CA8F9D /* ChatTabScreen.swift */ = {isa = PBXFileReference; lastKnownFileType = sourcecode.swift; path = ChatTabScreen.swift; sourceTree = "<group>"; };
		B3AA26EA2C32C5E400CA8F9D /* RecentChatItem.swift */ = {isa = PBXFileReference; lastKnownFileType = sourcecode.swift; path = RecentChatItem.swift; sourceTree = "<group>"; };
		B3B512952C3D7BB700B7E81A /* AuthProvidor.swift */ = {isa = PBXFileReference; lastKnownFileType = sourcecode.swift; path = AuthProvidor.swift; sourceTree = "<group>"; };
		B3B628DE2C42F7E600D226E8 /* SelectedPartnerView.swift */ = {isa = PBXFileReference; lastKnownFileType = sourcecode.swift; path = SelectedPartnerView.swift; sourceTree = "<group>"; };
		B3BCCAE52C417C9400B19191 /* ChatPartnerPickerViewModel.swift */ = {isa = PBXFileReference; lastKnownFileType = sourcecode.swift; path = ChatPartnerPickerViewModel.swift; sourceTree = "<group>"; };
		B3BCCAE72C41837B00B19191 /* GroupPartnerPickerScreen.swift */ = {isa = PBXFileReference; lastKnownFileType = sourcecode.swift; path = GroupPartnerPickerScreen.swift; sourceTree = "<group>"; };
		B3C2C3F82C46E449004E7E9E /* ChannelItem.swift */ = {isa = PBXFileReference; lastKnownFileType = sourcecode.swift; path = ChannelItem.swift; sourceTree = "<group>"; };
		B3C2C3FA2C46EFEF004E7E9E /* ChannelTabViewModel.swift */ = {isa = PBXFileReference; lastKnownFileType = sourcecode.swift; path = ChannelTabViewModel.swift; sourceTree = "<group>"; };
		B3C2DA8E2C3568DC0032560F /* MessageListController.swift */ = {isa = PBXFileReference; lastKnownFileType = sourcecode.swift; path = MessageListController.swift; sourceTree = "<group>"; };
		B3C2DA902C356EB70032560F /* MessageListView.swift */ = {isa = PBXFileReference; lastKnownFileType = sourcecode.swift; path = MessageListView.swift; sourceTree = "<group>"; };
		B3C2DA932C3571360032560F /* MessageItem.swift */ = {isa = PBXFileReference; lastKnownFileType = sourcecode.swift; path = MessageItem.swift; sourceTree = "<group>"; };
		B3C5E4D82C4031FB00C16537 /* RootView.swift */ = {isa = PBXFileReference; lastKnownFileType = sourcecode.swift; path = RootView.swift; sourceTree = "<group>"; };
		B3C5E4DA2C40320200C16537 /* RootModel.swift */ = {isa = PBXFileReference; lastKnownFileType = sourcecode.swift; path = RootModel.swift; sourceTree = "<group>"; };
		B3D467952C41559200FE4263 /* IconWithTransparentBG.swift */ = {isa = PBXFileReference; lastKnownFileType = sourcecode.swift; path = IconWithTransparentBG.swift; sourceTree = "<group>"; };
		B3D467972C41567200FE4263 /* ChatPartnerPickerScreen.swift */ = {isa = PBXFileReference; lastKnownFileType = sourcecode.swift; path = ChatPartnerPickerScreen.swift; sourceTree = "<group>"; };
		B3D467992C4159DA00FE4263 /* ChatPartnerRowView.swift */ = {isa = PBXFileReference; lastKnownFileType = sourcecode.swift; path = ChatPartnerRowView.swift; sourceTree = "<group>"; };
		B3D6E1FF2C40FAB70086A14C /* UserItem.swift */ = {isa = PBXFileReference; lastKnownFileType = sourcecode.swift; path = UserItem.swift; sourceTree = "<group>"; };
		B3D6E2032C40FB3F0086A14C /* FirebaseConstants.swift */ = {isa = PBXFileReference; lastKnownFileType = sourcecode.swift; path = FirebaseConstants.swift; sourceTree = "<group>"; };
		B3D9A7E72C4596DA00AA5FC9 /* UserService.swift */ = {isa = PBXFileReference; lastKnownFileType = sourcecode.swift; path = UserService.swift; sourceTree = "<group>"; };
		B3ED607A2C3416B500B3B2CE /* SettingsTabScreen.swift */ = {isa = PBXFileReference; lastKnownFileType = sourcecode.swift; path = SettingsTabScreen.swift; sourceTree = "<group>"; };
		B3ED607E2C3416E300B3B2CE /* SettingsItem.swift */ = {isa = PBXFileReference; lastKnownFileType = sourcecode.swift; path = SettingsItem.swift; sourceTree = "<group>"; };
		B3ED60802C3418E000B3B2CE /* SettingsItemView.swift */ = {isa = PBXFileReference; lastKnownFileType = sourcecode.swift; path = SettingsItemView.swift; sourceTree = "<group>"; };
		B3ED60822C341AE500B3B2CE /* SettingsSectionHeader.swift */ = {isa = PBXFileReference; lastKnownFileType = sourcecode.swift; path = SettingsSectionHeader.swift; sourceTree = "<group>"; };
		B3ED60862C34208900B3B2CE /* ChatRoomView.swift */ = {isa = PBXFileReference; lastKnownFileType = sourcecode.swift; path = ChatRoomView.swift; sourceTree = "<group>"; };
		B3ED60882C3427B000B3B2CE /* TextInputArea.swift */ = {isa = PBXFileReference; lastKnownFileType = sourcecode.swift; path = TextInputArea.swift; sourceTree = "<group>"; };
/* End PBXFileReference section */

/* Begin PBXFrameworksBuildPhase section */
		B380DDFC2C2EEDB00091BB7C /* Frameworks */ = {
			isa = PBXFrameworksBuildPhase;
			buildActionMask = 2147483647;
			files = (
				B345D5952C3A9DE000346152 /* FirebaseMessaging in Frameworks */,
				B345D5932C3A9DE000346152 /* FirebaseDatabaseSwift in Frameworks */,
				B345D5912C3A9DE000346152 /* FirebaseDatabase in Frameworks */,
				B345D5972C3A9DE000346152 /* FirebaseStorage in Frameworks */,
				B345D58F2C3A9DE000346152 /* FirebaseAuth in Frameworks */,
			);
			runOnlyForDeploymentPostprocessing = 0;
		};
/* End PBXFrameworksBuildPhase section */

/* Begin PBXGroup section */
		B30059C22C3BFED600FC584D /* Views */ = {
			isa = PBXGroup;
			children = (
				B345D59B2C3AAB0700346152 /* LoginView.swift */,
				B30059C02C3BFBD700FC584D /* RegisterView.swift */,
				B345D59D2C3AAB1100346152 /* AuthHeaderView.swift */,
				B345D59F2C3AAB2100346152 /* TextFieldView.swift */,
				B345D5A12C3AC82D00346152 /* AuthButton.swift */,
			);
			path = Views;
			sourceTree = "<group>";
		};
		B30059C32C3BFF1500FC584D /* ViewModel */ = {
			isa = PBXGroup;
			children = (
				B30059C42C3C007200FC584D /* AuthScreenModel.swift */,
			);
			path = ViewModel;
			sourceTree = "<group>";
		};
		B32BFB962C3964D0007B725D /* ViewComponents */ = {
			isa = PBXGroup;
			children = (
				B35606702C380D1F008FD937 /* TimeStampView.swift */,
				B32BFB972C3964E7007B725D /* PlayButton.swift */,
			);
			path = ViewComponents;
			sourceTree = "<group>";
		};
		B33D46FF2C316D5D00BD31A6 /* UpdateTab */ = {
			isa = PBXGroup;
			children = (
				B353AE002C30274F001C8DD3 /* UpdateTabScreen.swift */,
				B33D47022C316EC300BD31A6 /* ChannelListView.swift */,
				B33D47062C316FCC00BD31A6 /* ChannelListItem.swift */,
			);
			path = UpdateTab;
			sourceTree = "<group>";
		};
		B33D47082C317A2F00BD31A6 /* CallTab */ = {
			isa = PBXGroup;
			children = (
				B33D47092C317A8A00BD31A6 /* CallTabScreen.swift */,
				B33D470B2C31804600BD31A6 /* CallLinkSectionView.swift */,
				B33D470D2C31805E00BD31A6 /* RecentItemView.swift */,
			);
			path = CallTab;
			sourceTree = "<group>";
		};
		B345D59A2C3AAAE900346152 /* Auth */ = {
			isa = PBXGroup;
			children = (
				B3B512942C3D7B8F00B7E81A /* Services */,
				B30059C32C3BFF1500FC584D /* ViewModel */,
				B3D6E2012C40FAC20086A14C /* Model */,
				B30059C22C3BFED600FC584D /* Views */,
			);
			path = Auth;
			sourceTree = "<group>";
		};
		B380DDF62C2EEDB00091BB7C = {
			isa = PBXGroup;
			children = (
				B380DE012C2EEDB00091BB7C /* WhatsApp-Clone */,
				B380DE002C2EEDB00091BB7C /* Products */,
			);
			sourceTree = "<group>";
		};
		B380DE002C2EEDB00091BB7C /* Products */ = {
			isa = PBXGroup;
			children = (
				B380DDFF2C2EEDB00091BB7C /* WhatsApp-Clone.app */,
			);
			name = Products;
			sourceTree = "<group>";
		};
		B380DE012C2EEDB00091BB7C /* WhatsApp-Clone */ = {
			isa = PBXGroup;
			children = (
				B380DE022C2EEDB00091BB7C /* WhatsApp_CloneApp.swift */,
				B353ADFE2C301F0B001C8DD3 /* MainTabView.swift */,
				B3D9A7E62C4596AE00AA5FC9 /* Service */,
				B3C5E4D72C4031E600C16537 /* Root */,
				B345D59A2C3AAAE900346152 /* Auth */,
				B3ED60842C34206200B3B2CE /* ChatRoom */,
				B3ED60792C34169C00B3B2CE /* SettingsTab */,
				B3AA26E72C32C2C700CA8F9D /* ChatTab */,
				B3AA26E42C32BA5A00CA8F9D /* CommunitiesTab */,
				B33D47082C317A2F00BD31A6 /* CallTab */,
				B33D46FF2C316D5D00BD31A6 /* UpdateTab */,
				B3D467942C41557000FE4263 /* Components */,
				B3A47B462C36C02300CF9939 /* Helpers */,
				B3D6E2022C40FB1F0086A14C /* Utilities */,
				B345D5982C3AA37700346152 /* GoogleService-Info.plist */,
				B380DE062C2EEDB10091BB7C /* Assets.xcassets */,
				B380DE082C2EEDB10091BB7C /* Preview Content */,
			);
			path = "WhatsApp-Clone";
			sourceTree = "<group>";
		};
		B380DE082C2EEDB10091BB7C /* Preview Content */ = {
			isa = PBXGroup;
			children = (
				B380DE092C2EEDB10091BB7C /* Preview Assets.xcassets */,
			);
			path = "Preview Content";
			sourceTree = "<group>";
		};
		B397DB672C5A56AE00BA7770 /* ViewModel */ = {
			isa = PBXGroup;
			children = (
				B397DB682C5A56C100BA7770 /* ChatRoomViewModel.swift */,
			);
			path = ViewModel;
			sourceTree = "<group>";
		};
		B3A47B462C36C02300CF9939 /* Helpers */ = {
			isa = PBXGroup;
			children = (
				B32BF3552C5279960037D6E4 /* StringExtension.swift */,
				B3A47B472C36C04800CF9939 /* BubbleTailModifier.swift */,
			);
			path = Helpers;
			sourceTree = "<group>";
		};
		B3AA26E42C32BA5A00CA8F9D /* CommunitiesTab */ = {
			isa = PBXGroup;
			children = (
				B3AA26E52C32BA7400CA8F9D /* CommunitiesTabScreen.swift */,
			);
			path = CommunitiesTab;
			sourceTree = "<group>";
		};
		B3AA26E72C32C2C700CA8F9D /* ChatTab */ = {
			isa = PBXGroup;
			children = (
				B3C2C3F72C46E438004E7E9E /* Model */,
				B3BCCAE42C417BF900B19191 /* ViewModel */,
				B3AA26E82C32C2E100CA8F9D /* ChatTabScreen.swift */,
				B3AA26EA2C32C5E400CA8F9D /* RecentChatItem.swift */,
				B38D80DF2C43F1AF00A0CF82 /* ChatPartnerPickerOption.swift */,
				B3D467972C41567200FE4263 /* ChatPartnerPickerScreen.swift */,
				B3D467992C4159DA00FE4263 /* ChatPartnerRowView.swift */,
				B3BCCAE72C41837B00B19191 /* GroupPartnerPickerScreen.swift */,
				B38D81012C4415BE00A0CF82 /* SetUpGroupView.swift */,
				B3B628DE2C42F7E600D226E8 /* SelectedPartnerView.swift */,
			);
			path = ChatTab;
			sourceTree = "<group>";
		};
		B3B512942C3D7B8F00B7E81A /* Services */ = {
			isa = PBXGroup;
			children = (
				B3B512952C3D7BB700B7E81A /* AuthProvidor.swift */,
			);
			path = Services;
			sourceTree = "<group>";
		};
		B3BCCAE42C417BF900B19191 /* ViewModel */ = {
			isa = PBXGroup;
			children = (
				B3BCCAE52C417C9400B19191 /* ChatPartnerPickerViewModel.swift */,
				B3C2C3FA2C46EFEF004E7E9E /* ChannelTabViewModel.swift */,
			);
			path = ViewModel;
			sourceTree = "<group>";
		};
		B3C2C3F72C46E438004E7E9E /* Model */ = {
			isa = PBXGroup;
			children = (
				B3C2C3F82C46E449004E7E9E /* ChannelItem.swift */,
			);
			path = Model;
			sourceTree = "<group>";
		};
		B3C2DA922C35711E0032560F /* Model */ = {
			isa = PBXGroup;
			children = (
				B3C2DA932C3571360032560F /* MessageItem.swift */,
				B374AC8F2C54FB3D00D9C79B /* MessageItem+Types.swift */,
			);
			path = Model;
			sourceTree = "<group>";
		};
		B3C5E4D72C4031E600C16537 /* Root */ = {
			isa = PBXGroup;
			children = (
				B3C5E4DA2C40320200C16537 /* RootModel.swift */,
				B3C5E4D82C4031FB00C16537 /* RootView.swift */,
			);
			path = Root;
			sourceTree = "<group>";
		};
		B3D467942C41557000FE4263 /* Components */ = {
			isa = PBXGroup;
			children = (
				B3D467952C41559200FE4263 /* IconWithTransparentBG.swift */,
			);
			path = Components;
			sourceTree = "<group>";
		};
		B3D6E2012C40FAC20086A14C /* Model */ = {
			isa = PBXGroup;
			children = (
				B3D6E1FF2C40FAB70086A14C /* UserItem.swift */,
			);
			path = Model;
			sourceTree = "<group>";
		};
		B3D6E2022C40FB1F0086A14C /* Utilities */ = {
			isa = PBXGroup;
			children = (
				B3D6E2032C40FB3F0086A14C /* FirebaseConstants.swift */,
				B382B0F72C5D070000CC0D50 /* Constants.swift */,
			);
			path = Utilities;
			sourceTree = "<group>";
		};
		B3D9A7E62C4596AE00AA5FC9 /* Service */ = {
			isa = PBXGroup;
			children = (
				B3D9A7E72C4596DA00AA5FC9 /* UserService.swift */,
				B397DB6A2C5A6B5300BA7770 /* MessageService.swift */,
			);
			path = Service;
			sourceTree = "<group>";
		};
		B3ED60792C34169C00B3B2CE /* SettingsTab */ = {
			isa = PBXGroup;
			children = (
				B3ED607C2C3416BC00B3B2CE /* Model */,
				B3ED607D2C3416C400B3B2CE /* View */,
			);
			path = SettingsTab;
			sourceTree = "<group>";
		};
		B3ED607C2C3416BC00B3B2CE /* Model */ = {
			isa = PBXGroup;
			children = (
				B3ED607E2C3416E300B3B2CE /* SettingsItem.swift */,
			);
			path = Model;
			sourceTree = "<group>";
		};
		B3ED607D2C3416C400B3B2CE /* View */ = {
			isa = PBXGroup;
			children = (
				B3ED607A2C3416B500B3B2CE /* SettingsTabScreen.swift */,
				B3ED60802C3418E000B3B2CE /* SettingsItemView.swift */,
				B3ED60822C341AE500B3B2CE /* SettingsSectionHeader.swift */,
			);
			path = View;
			sourceTree = "<group>";
		};
		B3ED60842C34206200B3B2CE /* ChatRoom */ = {
			isa = PBXGroup;
			children = (
				B397DB672C5A56AE00BA7770 /* ViewModel */,
				B3C2DA922C35711E0032560F /* Model */,
				B3ED60852C34207800B3B2CE /* View */,
			);
			path = ChatRoom;
			sourceTree = "<group>";
		};
		B3ED60852C34207800B3B2CE /* View */ = {
			isa = PBXGroup;
			children = (
				B3ED60862C34208900B3B2CE /* ChatRoomView.swift */,
				B3ED60882C3427B000B3B2CE /* TextInputArea.swift */,
				B3C2DA902C356EB70032560F /* MessageListView.swift */,
				B3C2DA8E2C3568DC0032560F /* MessageListController.swift */,
				B3A47B442C36BCC800CF9939 /* BubbleTextView.swift */,
				B3A47B422C36BB3500CF9939 /* BubbleTailView.swift */,
				B3A47B492C36D3EC00CF9939 /* BubblePhotoView.swift */,
				B32BFB9A2C396633007B725D /* BubbleAudioView.swift */,
				B32BFB962C3964D0007B725D /* ViewComponents */,
			);
			path = View;
			sourceTree = "<group>";
		};
/* End PBXGroup section */

/* Begin PBXNativeTarget section */
		B380DDFE2C2EEDB00091BB7C /* WhatsApp-Clone */ = {
			isa = PBXNativeTarget;
			buildConfigurationList = B380DE0D2C2EEDB10091BB7C /* Build configuration list for PBXNativeTarget "WhatsApp-Clone" */;
			buildPhases = (
				B380DDFB2C2EEDB00091BB7C /* Sources */,
				B380DDFC2C2EEDB00091BB7C /* Frameworks */,
				B380DDFD2C2EEDB00091BB7C /* Resources */,
			);
			buildRules = (
			);
			dependencies = (
			);
			name = "WhatsApp-Clone";
			packageProductDependencies = (
				B345D58E2C3A9DE000346152 /* FirebaseAuth */,
				B345D5902C3A9DE000346152 /* FirebaseDatabase */,
				B345D5922C3A9DE000346152 /* FirebaseDatabaseSwift */,
				B345D5942C3A9DE000346152 /* FirebaseMessaging */,
				B345D5962C3A9DE000346152 /* FirebaseStorage */,
			);
			productName = "WhatsApp-Clone";
			productReference = B380DDFF2C2EEDB00091BB7C /* WhatsApp-Clone.app */;
			productType = "com.apple.product-type.application";
		};
/* End PBXNativeTarget section */

/* Begin PBXProject section */
		B380DDF72C2EEDB00091BB7C /* Project object */ = {
			isa = PBXProject;
			attributes = {
				BuildIndependentTargetsInParallel = 1;
				LastSwiftUpdateCheck = 1540;
				LastUpgradeCheck = 1540;
				TargetAttributes = {
					B380DDFE2C2EEDB00091BB7C = {
						CreatedOnToolsVersion = 15.4;
					};
				};
			};
			buildConfigurationList = B380DDFA2C2EEDB00091BB7C /* Build configuration list for PBXProject "WhatsApp-Clone" */;
			compatibilityVersion = "Xcode 14.0";
			developmentRegion = en;
			hasScannedForEncodings = 0;
			knownRegions = (
				en,
				Base,
			);
			mainGroup = B380DDF62C2EEDB00091BB7C;
			packageReferences = (
				B345D58D2C3A9DE000346152 /* XCRemoteSwiftPackageReference "firebase-ios-sdk" */,
			);
			productRefGroup = B380DE002C2EEDB00091BB7C /* Products */;
			projectDirPath = "";
			projectRoot = "";
			targets = (
				B380DDFE2C2EEDB00091BB7C /* WhatsApp-Clone */,
			);
		};
/* End PBXProject section */

/* Begin PBXResourcesBuildPhase section */
		B380DDFD2C2EEDB00091BB7C /* Resources */ = {
			isa = PBXResourcesBuildPhase;
			buildActionMask = 2147483647;
			files = (
				B380DE0A2C2EEDB10091BB7C /* Preview Assets.xcassets in Resources */,
				B380DE072C2EEDB10091BB7C /* Assets.xcassets in Resources */,
				B345D5992C3AA37700346152 /* GoogleService-Info.plist in Resources */,
			);
			runOnlyForDeploymentPostprocessing = 0;
		};
/* End PBXResourcesBuildPhase section */

/* Begin PBXSourcesBuildPhase section */
		B380DDFB2C2EEDB00091BB7C /* Sources */ = {
			isa = PBXSourcesBuildPhase;
			buildActionMask = 2147483647;
			files = (
				B38D81022C4415BE00A0CF82 /* SetUpGroupView.swift in Sources */,
				B345D59E2C3AAB1100346152 /* AuthHeaderView.swift in Sources */,
				B3A47B482C36C04800CF9939 /* BubbleTailModifier.swift in Sources */,
				B3B512962C3D7BB700B7E81A /* AuthProvidor.swift in Sources */,
				B3C2C3F92C46E449004E7E9E /* ChannelItem.swift in Sources */,
				B3A47B4A2C36D3EC00CF9939 /* BubblePhotoView.swift in Sources */,
				B3C5E4D92C4031FB00C16537 /* RootView.swift in Sources */,
				B3ED60832C341AE500B3B2CE /* SettingsSectionHeader.swift in Sources */,
				B3BCCAE62C417C9400B19191 /* ChatPartnerPickerViewModel.swift in Sources */,
				B33D470C2C31804600BD31A6 /* CallLinkSectionView.swift in Sources */,
				B397DB6B2C5A6B5300BA7770 /* MessageService.swift in Sources */,
				B3D6E2002C40FAB70086A14C /* UserItem.swift in Sources */,
				B3C2C3FB2C46EFEF004E7E9E /* ChannelTabViewModel.swift in Sources */,
				B3AA26EB2C32C5E400CA8F9D /* RecentChatItem.swift in Sources */,
				B3ED60812C3418E000B3B2CE /* SettingsItemView.swift in Sources */,
				B38D80E02C43F1AF00A0CF82 /* ChatPartnerPickerOption.swift in Sources */,
				B3ED607F2C3416E300B3B2CE /* SettingsItem.swift in Sources */,
				B3ED60872C34208900B3B2CE /* ChatRoomView.swift in Sources */,
				B3C2DA942C3571360032560F /* MessageItem.swift in Sources */,
				B3ED607B2C3416B500B3B2CE /* SettingsTabScreen.swift in Sources */,
				B3A47B432C36BB3500CF9939 /* BubbleTailView.swift in Sources */,
				B3BCCAE82C41837B00B19191 /* GroupPartnerPickerScreen.swift in Sources */,
				B3C2DA8F2C3568DC0032560F /* MessageListController.swift in Sources */,
				B3C5E4DB2C40320200C16537 /* RootModel.swift in Sources */,
				B30059C12C3BFBD700FC584D /* RegisterView.swift in Sources */,
				B3D467982C41567200FE4263 /* ChatPartnerPickerScreen.swift in Sources */,
				B3D9A7E82C4596DA00AA5FC9 /* UserService.swift in Sources */,
				B353AE012C30274F001C8DD3 /* UpdateTabScreen.swift in Sources */,
				B3AA26E62C32BA7400CA8F9D /* CommunitiesTabScreen.swift in Sources */,
				B33D470E2C31805E00BD31A6 /* RecentItemView.swift in Sources */,
				B3B628DF2C42F7E600D226E8 /* SelectedPartnerView.swift in Sources */,
				B35606712C380D1F008FD937 /* TimeStampView.swift in Sources */,
				B397DB692C5A56C100BA7770 /* ChatRoomViewModel.swift in Sources */,
				B3A47B452C36BCC800CF9939 /* BubbleTextView.swift in Sources */,
				B32BF3562C5279960037D6E4 /* StringExtension.swift in Sources */,
				B33D470A2C317A8A00BD31A6 /* CallTabScreen.swift in Sources */,
				B33D47032C316EC300BD31A6 /* ChannelListView.swift in Sources */,
				B32BFB982C3964E7007B725D /* PlayButton.swift in Sources */,
				B3D467962C41559200FE4263 /* IconWithTransparentBG.swift in Sources */,
				B3D6E2042C40FB3F0086A14C /* FirebaseConstants.swift in Sources */,
				B380DE032C2EEDB00091BB7C /* WhatsApp_CloneApp.swift in Sources */,
				B3AA26E92C32C2E100CA8F9D /* ChatTabScreen.swift in Sources */,
				B3D4679A2C4159DA00FE4263 /* ChatPartnerRowView.swift in Sources */,
				B345D5A22C3AC82D00346152 /* AuthButton.swift in Sources */,
				B345D59C2C3AAB0700346152 /* LoginView.swift in Sources */,
				B3C2DA912C356EB70032560F /* MessageListView.swift in Sources */,
				B33D47072C316FCC00BD31A6 /* ChannelListItem.swift in Sources */,
				B345D5A02C3AAB2100346152 /* TextFieldView.swift in Sources */,
				B353ADFF2C301F0B001C8DD3 /* MainTabView.swift in Sources */,
				B374AC902C54FB3D00D9C79B /* MessageItem+Types.swift in Sources */,
				B32BFB9B2C396633007B725D /* BubbleAudioView.swift in Sources */,
				B3ED60892C3427B000B3B2CE /* TextInputArea.swift in Sources */,
				B30059C52C3C007200FC584D /* AuthScreenModel.swift in Sources */,
				B382B0F82C5D070000CC0D50 /* Constants.swift in Sources */,
			);
			runOnlyForDeploymentPostprocessing = 0;
		};
/* End PBXSourcesBuildPhase section */

/* Begin XCBuildConfiguration section */
		B380DE0B2C2EEDB10091BB7C /* Debug */ = {
			isa = XCBuildConfiguration;
			buildSettings = {
				ALWAYS_SEARCH_USER_PATHS = NO;
				ASSETCATALOG_COMPILER_GENERATE_SWIFT_ASSET_SYMBOL_EXTENSIONS = YES;
				CLANG_ANALYZER_NONNULL = YES;
				CLANG_ANALYZER_NUMBER_OBJECT_CONVERSION = YES_AGGRESSIVE;
				CLANG_CXX_LANGUAGE_STANDARD = "gnu++20";
				CLANG_ENABLE_MODULES = YES;
				CLANG_ENABLE_OBJC_ARC = YES;
				CLANG_ENABLE_OBJC_WEAK = YES;
				CLANG_WARN_BLOCK_CAPTURE_AUTORELEASING = YES;
				CLANG_WARN_BOOL_CONVERSION = YES;
				CLANG_WARN_COMMA = YES;
				CLANG_WARN_CONSTANT_CONVERSION = YES;
				CLANG_WARN_DEPRECATED_OBJC_IMPLEMENTATIONS = YES;
				CLANG_WARN_DIRECT_OBJC_ISA_USAGE = YES_ERROR;
				CLANG_WARN_DOCUMENTATION_COMMENTS = YES;
				CLANG_WARN_EMPTY_BODY = YES;
				CLANG_WARN_ENUM_CONVERSION = YES;
				CLANG_WARN_INFINITE_RECURSION = YES;
				CLANG_WARN_INT_CONVERSION = YES;
				CLANG_WARN_NON_LITERAL_NULL_CONVERSION = YES;
				CLANG_WARN_OBJC_IMPLICIT_RETAIN_SELF = YES;
				CLANG_WARN_OBJC_LITERAL_CONVERSION = YES;
				CLANG_WARN_OBJC_ROOT_CLASS = YES_ERROR;
				CLANG_WARN_QUOTED_INCLUDE_IN_FRAMEWORK_HEADER = YES;
				CLANG_WARN_RANGE_LOOP_ANALYSIS = YES;
				CLANG_WARN_STRICT_PROTOTYPES = YES;
				CLANG_WARN_SUSPICIOUS_MOVE = YES;
				CLANG_WARN_UNGUARDED_AVAILABILITY = YES_AGGRESSIVE;
				CLANG_WARN_UNREACHABLE_CODE = YES;
				CLANG_WARN__DUPLICATE_METHOD_MATCH = YES;
				COPY_PHASE_STRIP = NO;
				DEBUG_INFORMATION_FORMAT = dwarf;
				ENABLE_STRICT_OBJC_MSGSEND = YES;
				ENABLE_TESTABILITY = YES;
				ENABLE_USER_SCRIPT_SANDBOXING = YES;
				GCC_C_LANGUAGE_STANDARD = gnu17;
				GCC_DYNAMIC_NO_PIC = NO;
				GCC_NO_COMMON_BLOCKS = YES;
				GCC_OPTIMIZATION_LEVEL = 0;
				GCC_PREPROCESSOR_DEFINITIONS = (
					"DEBUG=1",
					"$(inherited)",
				);
				GCC_WARN_64_TO_32_BIT_CONVERSION = YES;
				GCC_WARN_ABOUT_RETURN_TYPE = YES_ERROR;
				GCC_WARN_UNDECLARED_SELECTOR = YES;
				GCC_WARN_UNINITIALIZED_AUTOS = YES_AGGRESSIVE;
				GCC_WARN_UNUSED_FUNCTION = YES;
				GCC_WARN_UNUSED_VARIABLE = YES;
				IPHONEOS_DEPLOYMENT_TARGET = 17.5;
				LOCALIZATION_PREFERS_STRING_CATALOGS = YES;
				MTL_ENABLE_DEBUG_INFO = INCLUDE_SOURCE;
				MTL_FAST_MATH = YES;
				ONLY_ACTIVE_ARCH = YES;
				SDKROOT = iphoneos;
				SWIFT_ACTIVE_COMPILATION_CONDITIONS = "DEBUG $(inherited)";
				SWIFT_OPTIMIZATION_LEVEL = "-Onone";
			};
			name = Debug;
		};
		B380DE0C2C2EEDB10091BB7C /* Release */ = {
			isa = XCBuildConfiguration;
			buildSettings = {
				ALWAYS_SEARCH_USER_PATHS = NO;
				ASSETCATALOG_COMPILER_GENERATE_SWIFT_ASSET_SYMBOL_EXTENSIONS = YES;
				CLANG_ANALYZER_NONNULL = YES;
				CLANG_ANALYZER_NUMBER_OBJECT_CONVERSION = YES_AGGRESSIVE;
				CLANG_CXX_LANGUAGE_STANDARD = "gnu++20";
				CLANG_ENABLE_MODULES = YES;
				CLANG_ENABLE_OBJC_ARC = YES;
				CLANG_ENABLE_OBJC_WEAK = YES;
				CLANG_WARN_BLOCK_CAPTURE_AUTORELEASING = YES;
				CLANG_WARN_BOOL_CONVERSION = YES;
				CLANG_WARN_COMMA = YES;
				CLANG_WARN_CONSTANT_CONVERSION = YES;
				CLANG_WARN_DEPRECATED_OBJC_IMPLEMENTATIONS = YES;
				CLANG_WARN_DIRECT_OBJC_ISA_USAGE = YES_ERROR;
				CLANG_WARN_DOCUMENTATION_COMMENTS = YES;
				CLANG_WARN_EMPTY_BODY = YES;
				CLANG_WARN_ENUM_CONVERSION = YES;
				CLANG_WARN_INFINITE_RECURSION = YES;
				CLANG_WARN_INT_CONVERSION = YES;
				CLANG_WARN_NON_LITERAL_NULL_CONVERSION = YES;
				CLANG_WARN_OBJC_IMPLICIT_RETAIN_SELF = YES;
				CLANG_WARN_OBJC_LITERAL_CONVERSION = YES;
				CLANG_WARN_OBJC_ROOT_CLASS = YES_ERROR;
				CLANG_WARN_QUOTED_INCLUDE_IN_FRAMEWORK_HEADER = YES;
				CLANG_WARN_RANGE_LOOP_ANALYSIS = YES;
				CLANG_WARN_STRICT_PROTOTYPES = YES;
				CLANG_WARN_SUSPICIOUS_MOVE = YES;
				CLANG_WARN_UNGUARDED_AVAILABILITY = YES_AGGRESSIVE;
				CLANG_WARN_UNREACHABLE_CODE = YES;
				CLANG_WARN__DUPLICATE_METHOD_MATCH = YES;
				COPY_PHASE_STRIP = NO;
				DEBUG_INFORMATION_FORMAT = "dwarf-with-dsym";
				ENABLE_NS_ASSERTIONS = NO;
				ENABLE_STRICT_OBJC_MSGSEND = YES;
				ENABLE_USER_SCRIPT_SANDBOXING = YES;
				GCC_C_LANGUAGE_STANDARD = gnu17;
				GCC_NO_COMMON_BLOCKS = YES;
				GCC_WARN_64_TO_32_BIT_CONVERSION = YES;
				GCC_WARN_ABOUT_RETURN_TYPE = YES_ERROR;
				GCC_WARN_UNDECLARED_SELECTOR = YES;
				GCC_WARN_UNINITIALIZED_AUTOS = YES_AGGRESSIVE;
				GCC_WARN_UNUSED_FUNCTION = YES;
				GCC_WARN_UNUSED_VARIABLE = YES;
				IPHONEOS_DEPLOYMENT_TARGET = 17.5;
				LOCALIZATION_PREFERS_STRING_CATALOGS = YES;
				MTL_ENABLE_DEBUG_INFO = NO;
				MTL_FAST_MATH = YES;
				SDKROOT = iphoneos;
				SWIFT_COMPILATION_MODE = wholemodule;
				VALIDATE_PRODUCT = YES;
			};
			name = Release;
		};
		B380DE0E2C2EEDB10091BB7C /* Debug */ = {
			isa = XCBuildConfiguration;
			buildSettings = {
				ASSETCATALOG_COMPILER_APPICON_NAME = AppIcon;
				ASSETCATALOG_COMPILER_GLOBAL_ACCENT_COLOR_NAME = AccentColor;
				CODE_SIGN_STYLE = Automatic;
				CURRENT_PROJECT_VERSION = 1;
				DEVELOPMENT_ASSET_PATHS = "\"WhatsApp-Clone/Preview Content\"";
				DEVELOPMENT_TEAM = 9M2847JBF8;
				ENABLE_PREVIEWS = YES;
				GENERATE_INFOPLIST_FILE = YES;
				INFOPLIST_KEY_UIApplicationSceneManifest_Generation = YES;
				INFOPLIST_KEY_UIApplicationSupportsIndirectInputEvents = YES;
				INFOPLIST_KEY_UILaunchScreen_Generation = YES;
				INFOPLIST_KEY_UISupportedInterfaceOrientations_iPad = "UIInterfaceOrientationPortrait UIInterfaceOrientationPortraitUpsideDown UIInterfaceOrientationLandscapeLeft UIInterfaceOrientationLandscapeRight";
				INFOPLIST_KEY_UISupportedInterfaceOrientations_iPhone = "UIInterfaceOrientationPortrait UIInterfaceOrientationLandscapeLeft UIInterfaceOrientationLandscapeRight";
				LD_RUNPATH_SEARCH_PATHS = (
					"$(inherited)",
					"@executable_path/Frameworks",
				);
				MARKETING_VERSION = 1.0;
				PRODUCT_BUNDLE_IDENTIFIER = "shopnil-hasan.WhatsApp-Clone";
				PRODUCT_NAME = "$(TARGET_NAME)";
				SWIFT_EMIT_LOC_STRINGS = YES;
				SWIFT_VERSION = 5.0;
				TARGETED_DEVICE_FAMILY = "1,2";
			};
			name = Debug;
		};
		B380DE0F2C2EEDB10091BB7C /* Release */ = {
			isa = XCBuildConfiguration;
			buildSettings = {
				ASSETCATALOG_COMPILER_APPICON_NAME = AppIcon;
				ASSETCATALOG_COMPILER_GLOBAL_ACCENT_COLOR_NAME = AccentColor;
				CODE_SIGN_STYLE = Automatic;
				CURRENT_PROJECT_VERSION = 1;
				DEVELOPMENT_ASSET_PATHS = "\"WhatsApp-Clone/Preview Content\"";
				DEVELOPMENT_TEAM = 9M2847JBF8;
				ENABLE_PREVIEWS = YES;
				GENERATE_INFOPLIST_FILE = YES;
				INFOPLIST_KEY_UIApplicationSceneManifest_Generation = YES;
				INFOPLIST_KEY_UIApplicationSupportsIndirectInputEvents = YES;
				INFOPLIST_KEY_UILaunchScreen_Generation = YES;
				INFOPLIST_KEY_UISupportedInterfaceOrientations_iPad = "UIInterfaceOrientationPortrait UIInterfaceOrientationPortraitUpsideDown UIInterfaceOrientationLandscapeLeft UIInterfaceOrientationLandscapeRight";
				INFOPLIST_KEY_UISupportedInterfaceOrientations_iPhone = "UIInterfaceOrientationPortrait UIInterfaceOrientationLandscapeLeft UIInterfaceOrientationLandscapeRight";
				LD_RUNPATH_SEARCH_PATHS = (
					"$(inherited)",
					"@executable_path/Frameworks",
				);
				MARKETING_VERSION = 1.0;
				PRODUCT_BUNDLE_IDENTIFIER = "shopnil-hasan.WhatsApp-Clone";
				PRODUCT_NAME = "$(TARGET_NAME)";
				SWIFT_EMIT_LOC_STRINGS = YES;
				SWIFT_VERSION = 5.0;
				TARGETED_DEVICE_FAMILY = "1,2";
			};
			name = Release;
		};
/* End XCBuildConfiguration section */

/* Begin XCConfigurationList section */
		B380DDFA2C2EEDB00091BB7C /* Build configuration list for PBXProject "WhatsApp-Clone" */ = {
			isa = XCConfigurationList;
			buildConfigurations = (
				B380DE0B2C2EEDB10091BB7C /* Debug */,
				B380DE0C2C2EEDB10091BB7C /* Release */,
			);
			defaultConfigurationIsVisible = 0;
			defaultConfigurationName = Release;
		};
		B380DE0D2C2EEDB10091BB7C /* Build configuration list for PBXNativeTarget "WhatsApp-Clone" */ = {
			isa = XCConfigurationList;
			buildConfigurations = (
				B380DE0E2C2EEDB10091BB7C /* Debug */,
				B380DE0F2C2EEDB10091BB7C /* Release */,
			);
			defaultConfigurationIsVisible = 0;
			defaultConfigurationName = Release;
		};
/* End XCConfigurationList section */

/* Begin XCRemoteSwiftPackageReference section */
		B345D58D2C3A9DE000346152 /* XCRemoteSwiftPackageReference "firebase-ios-sdk" */ = {
			isa = XCRemoteSwiftPackageReference;
			repositoryURL = "https://github.com/firebase/firebase-ios-sdk";
			requirement = {
				kind = upToNextMajorVersion;
				minimumVersion = 10.28.1;
			};
		};
/* End XCRemoteSwiftPackageReference section */

/* Begin XCSwiftPackageProductDependency section */
		B345D58E2C3A9DE000346152 /* FirebaseAuth */ = {
			isa = XCSwiftPackageProductDependency;
			package = B345D58D2C3A9DE000346152 /* XCRemoteSwiftPackageReference "firebase-ios-sdk" */;
			productName = FirebaseAuth;
		};
		B345D5902C3A9DE000346152 /* FirebaseDatabase */ = {
			isa = XCSwiftPackageProductDependency;
			package = B345D58D2C3A9DE000346152 /* XCRemoteSwiftPackageReference "firebase-ios-sdk" */;
			productName = FirebaseDatabase;
		};
		B345D5922C3A9DE000346152 /* FirebaseDatabaseSwift */ = {
			isa = XCSwiftPackageProductDependency;
			package = B345D58D2C3A9DE000346152 /* XCRemoteSwiftPackageReference "firebase-ios-sdk" */;
			productName = FirebaseDatabaseSwift;
		};
		B345D5942C3A9DE000346152 /* FirebaseMessaging */ = {
			isa = XCSwiftPackageProductDependency;
			package = B345D58D2C3A9DE000346152 /* XCRemoteSwiftPackageReference "firebase-ios-sdk" */;
			productName = FirebaseMessaging;
		};
		B345D5962C3A9DE000346152 /* FirebaseStorage */ = {
			isa = XCSwiftPackageProductDependency;
			package = B345D58D2C3A9DE000346152 /* XCRemoteSwiftPackageReference "firebase-ios-sdk" */;
			productName = FirebaseStorage;
		};
/* End XCSwiftPackageProductDependency section */
	};
	rootObject = B380DDF72C2EEDB00091BB7C /* Project object */;
}
